
Microsoft Visual Studio Solution File, Format Version 12.00
# Visual Studio 15
VisualStudioVersion = 15.0.27130.2020
MinimumVisualStudioVersion = 10.0.40219.1
Project("{FAE04EC0-301F-11D3-BF4B-00C04F79EFBC}") = "RadexRent", "RadexRent\RadexRent.csproj", "{BE8ED575-EF77-49E3-982F-AAC92CC556F1}"
EndProject
Global
	GlobalSection(SolutionConfigurationPlatforms) = preSolution
		Debug|Any CPU = Debug|Any CPU
		Release|Any CPU = Release|Any CPU
	EndGlobalSection
	GlobalSection(ProjectConfigurationPlatforms) = postSolution
		{BE8ED575-EF77-49E3-982F-AAC92CC556F1}.Debug|Any CPU.ActiveCfg = Debug|Any CPU
		{BE8ED575-EF77-49E3-982F-AAC92CC556F1}.Debug|Any CPU.Build.0 = Debug|Any CPU
		{BE8ED575-EF77-49E3-982F-AAC92CC556F1}.Release|Any CPU.ActiveCfg = Release|Any CPU
		{BE8ED575-EF77-49E3-982F-AAC92CC556F1}.Release|Any CPU.Build.0 = Release|Any CPU
	EndGlobalSection
	GlobalSection(SolutionProperties) = preSolution
		HideSolutionNode = FALSE
	EndGlobalSection
	GlobalSection(ExtensibilityGlobals) = postSolution
		SolutionGuid = {C52B270A-6D52-4FC3-9427-1F31059EB5E0}
	EndGlobalSection
EndGlobal
